<?xml version="1.0" encoding="UTF-8" standalone="yes" ?>
<CodeBlocks_project_file>
	<FileVersion major="1" minor="6" />
	<Project>
		<Option title="email" />
		<Option makefile="makefile" />
		<Option pch_mode="2" />
		<Option compiler="gcc" />
		<Build>
			<Target title="Debug">
				<Option output="email_debug" prefix_auto="1" extension_auto="1" />
				<Option object_output="obj/Debug/" />
				<Option type="1" />
				<Option compiler="gcc" />
				<Compiler>
					<Add option="-std=c++11" />
					<Add option="-g" />
					<Add directory="$(#curl.INCLUDE)" />
					<Add directory="$(#base64.INCLUDE)" />
				</Compiler>
				<Linker>
					<Add option="$(#base64.LFLAGS)" />
					<Add option="$(#curl.LFLAGS)" />
					<Add directory="$(#curl.LIB)" />
					<Add directory="$(#base64.LIB)" />
				</Linker>
			</Target>
			<Target title="Release">
				<Option output="email" prefix_auto="1" extension_auto="1" />
				<Option working_dir="" />
				<Option object_output="obj/Release/" />
				<Option type="2" />
				<Option compiler="gcc" />
				<Compiler>
					<Add option="-O2" />
					<Add directory="include" />
				</Compiler>
				<Linker>
					<Add option="-s" />
					<Add directory="E:/000_coding/000_soft_develop_lib/libcurl_7_62" />
				</Linker>
			</Target>
		</Build>
		<Compiler>
			<Add option="-Wall" />
			<Add option="-fexceptions" />
		</Compiler>
		<ResourceCompiler>
			<Add directory="E:/000_coding/000_soft_develop_lib/curl-7.64.0-win32-mingw/bin" />
		</ResourceCompiler>
		<Linker>
			<Add option="$(#curl.LFLAGS)" />
		</Linker>
		<Unit filename="mailSender.cpp" />
		<Unit filename="mailSender.h" />
		<Unit filename="textPlainEmail.cpp" />
		<Extensions>
			<code_completion />
			<envvars />
			<debugger />
			<lib_finder disable_auto="1" />
		</Extensions>
	</Project>
</CodeBlocks_project_file>
